
Microsoft Visual Studio Solution File, Format Version 12.00
# Visual Studio Version 17
VisualStudioVersion = 17.2.32519.379
MinimumVisualStudioVersion = 10.0.40219.1
Project("{9A19103F-16F7-4668-BE54-9A1E7A4F7556}") = "MyStack", "MyStack\MyStack.csproj", "{C78E534F-D660-4FC7-9B24-045D64F03AB9}"
EndProject
Project("{FAE04EC0-301F-11D3-BF4B-00C04F79EFBC}") = "MyStackTests", "MyStackTests\MyStackTests.csproj", "{2176313C-59BC-4BD7-BBB2-DA46F9002F15}"
EndProject
Global
	GlobalSection(SolutionConfigurationPlatforms) = preSolution
		Debug|Any CPU = Debug|Any CPU
		Release|Any CPU = Release|Any CPU
	EndGlobalSection
	GlobalSection(ProjectConfigurationPlatforms) = postSolution
		{C78E534F-D660-4FC7-9B24-045D64F03AB9}.Debug|Any CPU.ActiveCfg = Debug|Any CPU
		{C78E534F-D660-4FC7-9B24-045D64F03AB9}.Debug|Any CPU.Build.0 = Debug|Any CPU
		{C78E534F-D660-4FC7-9B24-045D64F03AB9}.Release|Any CPU.ActiveCfg = Release|Any CPU
		{C78E534F-D660-4FC7-9B24-045D64F03AB9}.Release|Any CPU.Build.0 = Release|Any CPU
		{2176313C-59BC-4BD7-BBB2-DA46F9002F15}.Debug|Any CPU.ActiveCfg = Debug|Any CPU
		{2176313C-59BC-4BD7-BBB2-DA46F9002F15}.Debug|Any CPU.Build.0 = Debug|Any CPU
		{2176313C-59BC-4BD7-BBB2-DA46F9002F15}.Release|Any CPU.ActiveCfg = Release|Any CPU
		{2176313C-59BC-4BD7-BBB2-DA46F9002F15}.Release|Any CPU.Build.0 = Release|Any CPU
	EndGlobalSection
	GlobalSection(SolutionProperties) = preSolution
		HideSolutionNode = FALSE
	EndGlobalSection
	GlobalSection(ExtensibilityGlobals) = postSolution
		SolutionGuid = {797F17E7-DA71-4862-99B1-FF89C30E16AD}
	EndGlobalSection
EndGlobal
